
Microsoft Visual Studio Solution File, Format Version 12.00
# Visual Studio 14
VisualStudioVersion = 14.0.24720.0
MinimumVisualStudioVersion = 10.0.40219.1
Project("{8BC9CEB8-8B4A-11D0-8D11-00A0C91BC942}") = "id3_algorithm", "id3_algorithm.vcxproj", "{FB7337F1-89CA-4E58-95EF-BBEA337CF3B0}"
EndProject
Project("{8BC9CEB8-8B4A-11D0-8D11-00A0C91BC942}") = "Neural_network", "..\..\Neural_network\VS\Neural_network.vcxproj", "{9B9DD251-D146-47E4-B1F6-C8F5800253FF}"
EndProject
Global
	GlobalSection(Performance) = preSolution
		HasPerformanceSessions = true
	EndGlobalSection
	GlobalSection(SolutionConfigurationPlatforms) = preSolution
		Debug|x64 = Debug|x64
		Debug|x86 = Debug|x86
		Release|x64 = Release|x64
		Release|x86 = Release|x86
	EndGlobalSection
	GlobalSection(ProjectConfigurationPlatforms) = postSolution
		{FB7337F1-89CA-4E58-95EF-BBEA337CF3B0}.Debug|x64.ActiveCfg = Debug|x64
		{FB7337F1-89CA-4E58-95EF-BBEA337CF3B0}.Debug|x64.Build.0 = Debug|x64
		{FB7337F1-89CA-4E58-95EF-BBEA337CF3B0}.Debug|x86.ActiveCfg = Debug|Win32
		{FB7337F1-89CA-4E58-95EF-BBEA337CF3B0}.Debug|x86.Build.0 = Debug|Win32
		{FB7337F1-89CA-4E58-95EF-BBEA337CF3B0}.Release|x64.ActiveCfg = Release|x64
		{FB7337F1-89CA-4E58-95EF-BBEA337CF3B0}.Release|x64.Build.0 = Release|x64
		{FB7337F1-89CA-4E58-95EF-BBEA337CF3B0}.Release|x86.ActiveCfg = Release|Win32
		{FB7337F1-89CA-4E58-95EF-BBEA337CF3B0}.Release|x86.Build.0 = Release|Win32
		{9B9DD251-D146-47E4-B1F6-C8F5800253FF}.Debug|x64.ActiveCfg = Debug|x64
		{9B9DD251-D146-47E4-B1F6-C8F5800253FF}.Debug|x64.Build.0 = Debug|x64
		{9B9DD251-D146-47E4-B1F6-C8F5800253FF}.Debug|x86.ActiveCfg = Debug|Win32
		{9B9DD251-D146-47E4-B1F6-C8F5800253FF}.Debug|x86.Build.0 = Debug|Win32
		{9B9DD251-D146-47E4-B1F6-C8F5800253FF}.Release|x64.ActiveCfg = Release|x64
		{9B9DD251-D146-47E4-B1F6-C8F5800253FF}.Release|x64.Build.0 = Release|x64
		{9B9DD251-D146-47E4-B1F6-C8F5800253FF}.Release|x86.ActiveCfg = Release|Win32
		{9B9DD251-D146-47E4-B1F6-C8F5800253FF}.Release|x86.Build.0 = Release|Win32
	EndGlobalSection
	GlobalSection(SolutionProperties) = preSolution
		HideSolutionNode = FALSE
	EndGlobalSection
EndGlobal
